{
  "requires": true,
  "lockfileVersion": 1,
  "dependencies": {
    "@aws-cdk/aws-iam": {
      "version": "1.67.0",
      "resolved": "https://registry.npmjs.org/@aws-cdk/aws-iam/-/aws-iam-1.67.0.tgz",
      "integrity": "sha512-CuXakd982jI9vr7mOhaBjFxhmMAr8UrnV7D7qgiNwha4imw/a285Yo/+acm6rzGpgysDQ5qi2VtEcNhAQkj0IQ==",
      "requires": {
        "@aws-cdk/core": "1.67.0",
        "@aws-cdk/region-info": "1.67.0",
        "constructs": "^3.0.4"
      }
    },
    "@aws-cdk/cloud-assembly-schema": {
      "version": "1.67.0",
      "resolved": "https://registry.npmjs.org/@aws-cdk/cloud-assembly-schema/-/cloud-assembly-schema-1.67.0.tgz",
      "integrity": "sha512-O/UZ9iH+JnkgrTlyGQXc2Eg7dr1GV9l8GF0IhfynxT/5/PMA1bC96PEdsFu8Zv72+ZaGncFk5rEVx/j79MeiPA==",
      "requires": {
        "jsonschema": "^1.2.10",
        "semver": "^7.3.2"
      },
      "dependencies": {
        "jsonschema": {
          "version": "1.2.10",
          "bundled": true
        },
        "semver": {
          "version": "7.3.2",
          "bundled": true
        }
      }
    },
    "@aws-cdk/core": {
      "version": "1.67.0",
      "resolved": "https://registry.npmjs.org/@aws-cdk/core/-/core-1.67.0.tgz",
      "integrity": "sha512-qAfq/mTcSr5SuhjqQODPEmK24cSki+5Uquw9zHkq+gKue7g98PkzYyR1mDQWneJTeUZa7NqkwepTJq6gbandRQ==",
      "requires": {
        "@aws-cdk/cloud-assembly-schema": "1.67.0",
        "@aws-cdk/cx-api": "1.67.0",
        "@aws-cdk/region-info": "1.67.0",
        "constructs": "^3.0.4",
        "fs-extra": "^9.0.1",
        "minimatch": "^3.0.4"
      },
      "dependencies": {
        "at-least-node": {
          "version": "1.0.0",
          "bundled": true
        },
        "balanced-match": {
          "version": "1.0.0",
          "bundled": true
        },
        "brace-expansion": {
          "version": "1.1.11",
          "bundled": true,
          "requires": {
            "balanced-match": "^1.0.0",
            "concat-map": "0.0.1"
          }
        },
        "concat-map": {
          "version": "0.0.1",
          "bundled": true
        },
        "fs-extra": {
          "version": "9.0.1",
          "bundled": true,
          "requires": {
            "at-least-node": "^1.0.0",
            "graceful-fs": "^4.2.0",
            "jsonfile": "^6.0.1",
            "universalify": "^1.0.0"
          }
        },
        "graceful-fs": {
          "version": "4.2.4",
          "bundled": true
        },
        "jsonfile": {
          "version": "6.0.1",
          "bundled": true,
          "requires": {
            "graceful-fs": "^4.1.6",
            "universalify": "^1.0.0"
          }
        },
        "minimatch": {
          "version": "3.0.4",
          "bundled": true,
          "requires": {
            "brace-expansion": "^1.1.7"
          }
        },
        "universalify": {
          "version": "1.0.0",
          "bundled": true
        }
      }
    },
    "@aws-cdk/cx-api": {
      "version": "1.67.0",
      "resolved": "https://registry.npmjs.org/@aws-cdk/cx-api/-/cx-api-1.67.0.tgz",
      "integrity": "sha512-uTeEy6OmGSUS09BhHsZUJjalWGblODZS0nfwws0qE/XG6ue3KNQ2vkOwO3f1pT3a3Ntn8SDO52gMFp7Nu8UC7g==",
      "requires": {
        "@aws-cdk/cloud-assembly-schema": "1.67.0",
        "semver": "^7.3.2"
      },
      "dependencies": {
        "semver": {
          "version": "7.3.2",
          "bundled": true
        }
      }
    },
    "@aws-cdk/region-info": {
      "version": "1.67.0",
      "resolved": "https://registry.npmjs.org/@aws-cdk/region-info/-/region-info-1.67.0.tgz",
      "integrity": "sha512-qM63kG2SCs3rCf5ieccWadu1tuqn5VpJ9Hf1HapJXryoVTGf3S/a0HPxmMbVwMKDatsV7kWmMscmD3xfNwB4PA=="
    },
    "constructs": {
      "version": "3.0.27",
      "resolved": "https://registry.npmjs.org/constructs/-/constructs-3.0.27.tgz",
      "integrity": "sha512-wrB24HnTjaXiJqPBwHkrzujsCcfMwRgWjgE5pWZ4kESB63LR9vtwLeHBv+VYUAzoG/tw+jB61GaV6lIavovbqg=="
    }
  }
}
